
Microsoft Visual Studio Solution File, Format Version 12.00
# Visual Studio Version 17
VisualStudioVersion = 17.5.002.0
MinimumVisualStudioVersion = 10.0.40219.1
Project("{9A19103F-16F7-4668-BE54-9A1E7A4F7556}") = "skuska arduino app", "skuska arduino app.csproj", "{718DBBD0-E57C-4E22-B86F-63AF0445BD14}"
EndProject
Global
	GlobalSection(SolutionConfigurationPlatforms) = preSolution
		Debug|Any CPU = Debug|Any CPU
		Release|Any CPU = Release|Any CPU
	EndGlobalSection
	GlobalSection(ProjectConfigurationPlatforms) = postSolution
		{718DBBD0-E57C-4E22-B86F-63AF0445BD14}.Debug|Any CPU.ActiveCfg = Debug|Any CPU
		{718DBBD0-E57C-4E22-B86F-63AF0445BD14}.Debug|Any CPU.Build.0 = Debug|Any CPU
		{718DBBD0-E57C-4E22-B86F-63AF0445BD14}.Release|Any CPU.ActiveCfg = Release|Any CPU
		{718DBBD0-E57C-4E22-B86F-63AF0445BD14}.Release|Any CPU.Build.0 = Release|Any CPU
	EndGlobalSection
	GlobalSection(SolutionProperties) = preSolution
		HideSolutionNode = FALSE
	EndGlobalSection
	GlobalSection(ExtensibilityGlobals) = postSolution
		SolutionGuid = {54C63442-5AB2-4602-9F04-DDA95B6974CB}
	EndGlobalSection
EndGlobal
